
Microsoft Visual Studio Solution File, Format Version 12.00
# Visual Studio Version 17
VisualStudioVersion = 17.5.33414.496
MinimumVisualStudioVersion = 10.0.40219.1
Project("{9A19103F-16F7-4668-BE54-9A1E7A4F7556}") = "Core", "Core\Core.csproj", "{E745659E-2089-47E5-9C5F-4A33B0CEF21A}"
EndProject
Project("{9A19103F-16F7-4668-BE54-9A1E7A4F7556}") = "Data", "Data\Data.csproj", "{F34D8F25-BC27-4023-92D4-AD21D0E7D6BA}"
EndProject
Project("{9A19103F-16F7-4668-BE54-9A1E7A4F7556}") = "Services", "Services\Services.csproj", "{1489843C-3484-43D0-81B7-698919795F1B}"
EndProject
Project("{FAE04EC0-301F-11D3-BF4B-00C04F79EFBC}") = "Api", "Api\Api.csproj", "{892BA076-69B5-4A60-96E6-C01A7F6FF7FB}"
EndProject
Global
	GlobalSection(SolutionConfigurationPlatforms) = preSolution
		Debug|Any CPU = Debug|Any CPU
		Release|Any CPU = Release|Any CPU
	EndGlobalSection
	GlobalSection(ProjectConfigurationPlatforms) = postSolution
		{E745659E-2089-47E5-9C5F-4A33B0CEF21A}.Debug|Any CPU.ActiveCfg = Debug|Any CPU
		{E745659E-2089-47E5-9C5F-4A33B0CEF21A}.Debug|Any CPU.Build.0 = Debug|Any CPU
		{E745659E-2089-47E5-9C5F-4A33B0CEF21A}.Release|Any CPU.ActiveCfg = Release|Any CPU
		{E745659E-2089-47E5-9C5F-4A33B0CEF21A}.Release|Any CPU.Build.0 = Release|Any CPU
		{F34D8F25-BC27-4023-92D4-AD21D0E7D6BA}.Debug|Any CPU.ActiveCfg = Debug|Any CPU
		{F34D8F25-BC27-4023-92D4-AD21D0E7D6BA}.Debug|Any CPU.Build.0 = Debug|Any CPU
		{F34D8F25-BC27-4023-92D4-AD21D0E7D6BA}.Release|Any CPU.ActiveCfg = Release|Any CPU
		{F34D8F25-BC27-4023-92D4-AD21D0E7D6BA}.Release|Any CPU.Build.0 = Release|Any CPU
		{1489843C-3484-43D0-81B7-698919795F1B}.Debug|Any CPU.ActiveCfg = Debug|Any CPU
		{1489843C-3484-43D0-81B7-698919795F1B}.Debug|Any CPU.Build.0 = Debug|Any CPU
		{1489843C-3484-43D0-81B7-698919795F1B}.Release|Any CPU.ActiveCfg = Release|Any CPU
		{1489843C-3484-43D0-81B7-698919795F1B}.Release|Any CPU.Build.0 = Release|Any CPU
		{892BA076-69B5-4A60-96E6-C01A7F6FF7FB}.Debug|Any CPU.ActiveCfg = Debug|Any CPU
		{892BA076-69B5-4A60-96E6-C01A7F6FF7FB}.Debug|Any CPU.Build.0 = Debug|Any CPU
		{892BA076-69B5-4A60-96E6-C01A7F6FF7FB}.Release|Any CPU.ActiveCfg = Release|Any CPU
		{892BA076-69B5-4A60-96E6-C01A7F6FF7FB}.Release|Any CPU.Build.0 = Release|Any CPU
	EndGlobalSection
	GlobalSection(SolutionProperties) = preSolution
		HideSolutionNode = FALSE
	EndGlobalSection
	GlobalSection(ExtensibilityGlobals) = postSolution
		SolutionGuid = {D0E1E02A-307A-4D7C-A4DA-632C432E196F}
	EndGlobalSection
EndGlobal
